// !$*UTF8*$!
{
	archiveVersion = 1;
	classes = {
	};
	objectVersion = 46;
	objects = {

/* Begin PBXBuildFile section */
		86EA9AB932EC4688B3E598D9 /* libPods-SocialFare.a in Frameworks */ = {isa = PBXBuildFile; fileRef = 6B384F3B8E424F36BA04B8F3 /* libPods-SocialFare.a */; };
		D043E99519054EB500D022D2 /* SFMenuVC.m in Sources */ = {isa = PBXBuildFile; fileRef = D043E99419054EB500D022D2 /* SFMenuVC.m */; };
		D043E99D1905DC8700D022D2 /* SFFriendsCell.m in Sources */ = {isa = PBXBuildFile; fileRef = D043E99C1905DC8700D022D2 /* SFFriendsCell.m */; };
		D043E9A01905DCFD00D022D2 /* SFFriendsVC.m in Sources */ = {isa = PBXBuildFile; fileRef = D043E99F1905DCFD00D022D2 /* SFFriendsVC.m */; };
		D08A985119088F7300710936 /* SocialFare.xcdatamodeld in Sources */ = {isa = PBXBuildFile; fileRef = D08A984F19088F7300710936 /* SocialFare.xcdatamodeld */; };
		D08A98791908980E00710936 /* SFCheckinsVC.m in Sources */ = {isa = PBXBuildFile; fileRef = D08A98781908980E00710936 /* SFCheckinsVC.m */; };
		D08A98BC1909334400710936 /* _Checkin.m in Sources */ = {isa = PBXBuildFile; fileRef = D08A98B11909334400710936 /* _Checkin.m */; };
		D08A98BD1909334400710936 /* _Friend.m in Sources */ = {isa = PBXBuildFile; fileRef = D08A98B31909334400710936 /* _Friend.m */; };
		D08A98BE1909334400710936 /* _User.m in Sources */ = {isa = PBXBuildFile; fileRef = D08A98B51909334400710936 /* _User.m */; };
		D08A98BF1909334400710936 /* Checkin.m in Sources */ = {isa = PBXBuildFile; fileRef = D08A98B71909334400710936 /* Checkin.m */; };
		D08A98C01909334400710936 /* Friend.m in Sources */ = {isa = PBXBuildFile; fileRef = D08A98B91909334400710936 /* Friend.m */; };
		D08A98C11909334400710936 /* User.m in Sources */ = {isa = PBXBuildFile; fileRef = D08A98BB1909334400710936 /* User.m */; };
		D0AC6CD91907EDB9000E7503 /* SFCoreDataFunctions.m in Sources */ = {isa = PBXBuildFile; fileRef = D0AC6CD81907EDB9000E7503 /* SFCoreDataFunctions.m */; };
		D0F8EDA51904946C007F617B /* Foundation.framework in Frameworks */ = {isa = PBXBuildFile; fileRef = D0F8EDA41904946C007F617B /* Foundation.framework */; };
		D0F8EDA71904946D007F617B /* CoreGraphics.framework in Frameworks */ = {isa = PBXBuildFile; fileRef = D0F8EDA61904946D007F617B /* CoreGraphics.framework */; };
		D0F8EDA91904946D007F617B /* UIKit.framework in Frameworks */ = {isa = PBXBuildFile; fileRef = D0F8EDA81904946D007F617B /* UIKit.framework */; };
		D0F8EDAF1904946D007F617B /* InfoPlist.strings in Resources */ = {isa = PBXBuildFile; fileRef = D0F8EDAD1904946D007F617B /* InfoPlist.strings */; };
		D0F8EDB11904946D007F617B /* main.m in Sources */ = {isa = PBXBuildFile; fileRef = D0F8EDB01904946D007F617B /* main.m */; };
		D0F8EDB51904946D007F617B /* SFAppDelegate.m in Sources */ = {isa = PBXBuildFile; fileRef = D0F8EDB41904946D007F617B /* SFAppDelegate.m */; };
		D0F8EDB81904946D007F617B /* Main_iPhone.storyboard in Resources */ = {isa = PBXBuildFile; fileRef = D0F8EDB61904946D007F617B /* Main_iPhone.storyboard */; };
		D0F8EDBB1904946D007F617B /* Main_iPad.storyboard in Resources */ = {isa = PBXBuildFile; fileRef = D0F8EDB91904946D007F617B /* Main_iPad.storyboard */; };
		D0F8EDBE1904946D007F617B /* SFLandingVC.m in Sources */ = {isa = PBXBuildFile; fileRef = D0F8EDBD1904946D007F617B /* SFLandingVC.m */; };
		D0F8EDC01904946D007F617B /* Images.xcassets in Resources */ = {isa = PBXBuildFile; fileRef = D0F8EDBF1904946D007F617B /* Images.xcassets */; };
		D0F8EDC71904946D007F617B /* XCTest.framework in Frameworks */ = {isa = PBXBuildFile; fileRef = D0F8EDC61904946D007F617B /* XCTest.framework */; };
		D0F8EDC81904946D007F617B /* Foundation.framework in Frameworks */ = {isa = PBXBuildFile; fileRef = D0F8EDA41904946C007F617B /* Foundation.framework */; };
		D0F8EDC91904946D007F617B /* UIKit.framework in Frameworks */ = {isa = PBXBuildFile; fileRef = D0F8EDA81904946D007F617B /* UIKit.framework */; };
		D0F8EDD11904946D007F617B /* InfoPlist.strings in Resources */ = {isa = PBXBuildFile; fileRef = D0F8EDCF1904946D007F617B /* InfoPlist.strings */; };
		D0F8EDD31904946D007F617B /* SocialFareTests.m in Sources */ = {isa = PBXBuildFile; fileRef = D0F8EDD21904946D007F617B /* SocialFareTests.m */; };
		D0F8EDE819049E7D007F617B /* SFFunctions.m in Sources */ = {isa = PBXBuildFile; fileRef = D0F8EDE719049E7D007F617B /* SFFunctions.m */; };
/* End PBXBuildFile section */

/* Begin PBXContainerItemProxy section */
		D0F8EDCA1904946D007F617B /* PBXContainerItemProxy */ = {
			isa = PBXContainerItemProxy;
			containerPortal = D0F8ED991904946C007F617B /* Project object */;
			proxyType = 1;
			remoteGlobalIDString = D0F8EDA01904946C007F617B;
			remoteInfo = SocialFare;
		};
/* End PBXContainerItemProxy section */

/* Begin PBXFileReference section */
		3764B7F54FDD47788B6BBC15 /* Pods-SocialFare.xcconfig */ = {isa = PBXFileReference; includeInIndex = 1; lastKnownFileType = text.xcconfig; name = "Pods-SocialFare.xcconfig"; path = "Pods/Pods-SocialFare.xcconfig"; sourceTree = "<group>"; };
		6B384F3B8E424F36BA04B8F3 /* libPods-SocialFare.a */ = {isa = PBXFileReference; explicitFileType = archive.ar; includeInIndex = 0; path = "libPods-SocialFare.a"; sourceTree = BUILT_PRODUCTS_DIR; };
		D043E99319054EB500D022D2 /* SFMenuVC.h */ = {isa = PBXFileReference; fileEncoding = 4; lastKnownFileType = sourcecode.c.h; path = SFMenuVC.h; sourceTree = "<group>"; };
		D043E99419054EB500D022D2 /* SFMenuVC.m */ = {isa = PBXFileReference; fileEncoding = 4; lastKnownFileType = sourcecode.c.objc; path = SFMenuVC.m; sourceTree = "<group>"; };
		D043E99B1905DC8700D022D2 /* SFFriendsCell.h */ = {isa = PBXFileReference; fileEncoding = 4; lastKnownFileType = sourcecode.c.h; path = SFFriendsCell.h; sourceTree = "<group>"; };
		D043E99C1905DC8700D022D2 /* SFFriendsCell.m */ = {isa = PBXFileReference; fileEncoding = 4; lastKnownFileType = sourcecode.c.objc; path = SFFriendsCell.m; sourceTree = "<group>"; };
		D043E99E1905DCFD00D022D2 /* SFFriendsVC.h */ = {isa = PBXFileReference; fileEncoding = 4; lastKnownFileType = sourcecode.c.h; path = SFFriendsVC.h; sourceTree = "<group>"; };
		D043E99F1905DCFD00D022D2 /* SFFriendsVC.m */ = {isa = PBXFileReference; fileEncoding = 4; lastKnownFileType = sourcecode.c.objc; path = SFFriendsVC.m; sourceTree = "<group>"; };
		D043E9A11905E14C00D022D2 /* AFNetworkingIncludes.h */ = {isa = PBXFileReference; lastKnownFileType = sourcecode.c.h; path = AFNetworkingIncludes.h; sourceTree = "<group>"; };
		D08A985019088F7300710936 /* SocialFare.xcdatamodel */ = {isa = PBXFileReference; lastKnownFileType = wrapper.xcdatamodel; path = SocialFare.xcdatamodel; sourceTree = "<group>"; };
		D08A98771908980E00710936 /* SFCheckinsVC.h */ = {isa = PBXFileReference; fileEncoding = 4; lastKnownFileType = sourcecode.c.h; path = SFCheckinsVC.h; sourceTree = "<group>"; };
		D08A98781908980E00710936 /* SFCheckinsVC.m */ = {isa = PBXFileReference; fileEncoding = 4; lastKnownFileType = sourcecode.c.objc; path = SFCheckinsVC.m; sourceTree = "<group>"; };
		D08A98B01909334400710936 /* _Checkin.h */ = {isa = PBXFileReference; fileEncoding = 4; lastKnownFileType = sourcecode.c.h; name = _Checkin.h; path = DataModel/_Checkin.h; sourceTree = "<group>"; };
		D08A98B11909334400710936 /* _Checkin.m */ = {isa = PBXFileReference; fileEncoding = 4; lastKnownFileType = sourcecode.c.objc; name = _Checkin.m; path = DataModel/_Checkin.m; sourceTree = "<group>"; };
		D08A98B21909334400710936 /* _Friend.h */ = {isa = PBXFileReference; fileEncoding = 4; lastKnownFileType = sourcecode.c.h; name = _Friend.h; path = DataModel/_Friend.h; sourceTree = "<group>"; };
		D08A98B31909334400710936 /* _Friend.m */ = {isa = PBXFileReference; fileEncoding = 4; lastKnownFileType = sourcecode.c.objc; name = _Friend.m; path = DataModel/_Friend.m; sourceTree = "<group>"; };
		D08A98B41909334400710936 /* _User.h */ = {isa = PBXFileReference; fileEncoding = 4; lastKnownFileType = sourcecode.c.h; name = _User.h; path = DataModel/_User.h; sourceTree = "<group>"; };
		D08A98B51909334400710936 /* _User.m */ = {isa = PBXFileReference; fileEncoding = 4; lastKnownFileType = sourcecode.c.objc; name = _User.m; path = DataModel/_User.m; sourceTree = "<group>"; };
		D08A98B61909334400710936 /* Checkin.h */ = {isa = PBXFileReference; fileEncoding = 4; lastKnownFileType = sourcecode.c.h; name = Checkin.h; path = DataModel/Checkin.h; sourceTree = "<group>"; };
		D08A98B71909334400710936 /* Checkin.m */ = {isa = PBXFileReference; fileEncoding = 4; lastKnownFileType = sourcecode.c.objc; name = Checkin.m; path = DataModel/Checkin.m; sourceTree = "<group>"; };
		D08A98B81909334400710936 /* Friend.h */ = {isa = PBXFileReference; fileEncoding = 4; lastKnownFileType = sourcecode.c.h; name = Friend.h; path = DataModel/Friend.h; sourceTree = "<group>"; };
		D08A98B91909334400710936 /* Friend.m */ = {isa = PBXFileReference; fileEncoding = 4; lastKnownFileType = sourcecode.c.objc; name = Friend.m; path = DataModel/Friend.m; sourceTree = "<group>"; };
		D08A98BA1909334400710936 /* User.h */ = {isa = PBXFileReference; fileEncoding = 4; lastKnownFileType = sourcecode.c.h; name = User.h; path = DataModel/User.h; sourceTree = "<group>"; };
		D08A98BB1909334400710936 /* User.m */ = {isa = PBXFileReference; fileEncoding = 4; lastKnownFileType = sourcecode.c.objc; name = User.m; path = DataModel/User.m; sourceTree = "<group>"; };
		D0AC6CD71907EDB9000E7503 /* SFCoreDataFunctions.h */ = {isa = PBXFileReference; fileEncoding = 4; lastKnownFileType = sourcecode.c.h; path = SFCoreDataFunctions.h; sourceTree = "<group>"; };
		D0AC6CD81907EDB9000E7503 /* SFCoreDataFunctions.m */ = {isa = PBXFileReference; fileEncoding = 4; lastKnownFileType = sourcecode.c.objc; path = SFCoreDataFunctions.m; sourceTree = "<group>"; };
		D0F8EDA11904946C007F617B /* SocialFare.app */ = {isa = PBXFileReference; explicitFileType = wrapper.application; includeInIndex = 0; path = SocialFare.app; sourceTree = BUILT_PRODUCTS_DIR; };
		D0F8EDA41904946C007F617B /* Foundation.framework */ = {isa = PBXFileReference; lastKnownFileType = wrapper.framework; name = Foundation.framework; path = System/Library/Frameworks/Foundation.framework; sourceTree = SDKROOT; };
		D0F8EDA61904946D007F617B /* CoreGraphics.framework */ = {isa = PBXFileReference; lastKnownFileType = wrapper.framework; name = CoreGraphics.framework; path = System/Library/Frameworks/CoreGraphics.framework; sourceTree = SDKROOT; };
		D0F8EDA81904946D007F617B /* UIKit.framework */ = {isa = PBXFileReference; lastKnownFileType = wrapper.framework; name = UIKit.framework; path = System/Library/Frameworks/UIKit.framework; sourceTree = SDKROOT; };
		D0F8EDAC1904946D007F617B /* SocialFare-Info.plist */ = {isa = PBXFileReference; lastKnownFileType = text.plist.xml; path = "SocialFare-Info.plist"; sourceTree = "<group>"; };
		D0F8EDAE1904946D007F617B /* en */ = {isa = PBXFileReference; lastKnownFileType = text.plist.strings; name = en; path = en.lproj/InfoPlist.strings; sourceTree = "<group>"; };
		D0F8EDB01904946D007F617B /* main.m */ = {isa = PBXFileReference; lastKnownFileType = sourcecode.c.objc; path = main.m; sourceTree = "<group>"; };
		D0F8EDB21904946D007F617B /* SocialFare-Prefix.pch */ = {isa = PBXFileReference; lastKnownFileType = sourcecode.c.h; path = "SocialFare-Prefix.pch"; sourceTree = "<group>"; };
		D0F8EDB31904946D007F617B /* SFAppDelegate.h */ = {isa = PBXFileReference; lastKnownFileType = sourcecode.c.h; path = SFAppDelegate.h; sourceTree = "<group>"; };
		D0F8EDB41904946D007F617B /* SFAppDelegate.m */ = {isa = PBXFileReference; lastKnownFileType = sourcecode.c.objc; path = SFAppDelegate.m; sourceTree = "<group>"; };
		D0F8EDB71904946D007F617B /* Base */ = {isa = PBXFileReference; lastKnownFileType = file.storyboard; name = Base; path = Base.lproj/Main_iPhone.storyboard; sourceTree = "<group>"; };
		D0F8EDBA1904946D007F617B /* Base */ = {isa = PBXFileReference; lastKnownFileType = file.storyboard; name = Base; path = Base.lproj/Main_iPad.storyboard; sourceTree = "<group>"; };
		D0F8EDBC1904946D007F617B /* SFLandingVC.h */ = {isa = PBXFileReference; lastKnownFileType = sourcecode.c.h; path = SFLandingVC.h; sourceTree = "<group>"; };
		D0F8EDBD1904946D007F617B /* SFLandingVC.m */ = {isa = PBXFileReference; lastKnownFileType = sourcecode.c.objc; path = SFLandingVC.m; sourceTree = "<group>"; };
		D0F8EDBF1904946D007F617B /* Images.xcassets */ = {isa = PBXFileReference; lastKnownFileType = folder.assetcatalog; path = Images.xcassets; sourceTree = "<group>"; };
		D0F8EDC51904946D007F617B /* SocialFareTests.xctest */ = {isa = PBXFileReference; explicitFileType = wrapper.cfbundle; includeInIndex = 0; path = SocialFareTests.xctest; sourceTree = BUILT_PRODUCTS_DIR; };
		D0F8EDC61904946D007F617B /* XCTest.framework */ = {isa = PBXFileReference; lastKnownFileType = wrapper.framework; name = XCTest.framework; path = Library/Frameworks/XCTest.framework; sourceTree = DEVELOPER_DIR; };
		D0F8EDCE1904946D007F617B /* SocialFareTests-Info.plist */ = {isa = PBXFileReference; lastKnownFileType = text.plist.xml; path = "SocialFareTests-Info.plist"; sourceTree = "<group>"; };
		D0F8EDD01904946D007F617B /* en */ = {isa = PBXFileReference; lastKnownFileType = text.plist.strings; name = en; path = en.lproj/InfoPlist.strings; sourceTree = "<group>"; };
		D0F8EDD21904946D007F617B /* SocialFareTests.m */ = {isa = PBXFileReference; lastKnownFileType = sourcecode.c.objc; path = SocialFareTests.m; sourceTree = "<group>"; };
		D0F8EDE219049DA4007F617B /* SFConstants.h */ = {isa = PBXFileReference; fileEncoding = 4; lastKnownFileType = sourcecode.c.h; path = SFConstants.h; sourceTree = "<group>"; };
		D0F8EDE619049E7D007F617B /* SFFunctions.h */ = {isa = PBXFileReference; fileEncoding = 4; lastKnownFileType = sourcecode.c.h; path = SFFunctions.h; sourceTree = "<group>"; };
		D0F8EDE719049E7D007F617B /* SFFunctions.m */ = {isa = PBXFileReference; fileEncoding = 4; lastKnownFileType = sourcecode.c.objc; path = SFFunctions.m; sourceTree = "<group>"; };
/* End PBXFileReference section */

/* Begin PBXFrameworksBuildPhase section */
		D0F8ED9E1904946C007F617B /* Frameworks */ = {
			isa = PBXFrameworksBuildPhase;
			buildActionMask = 2147483647;
			files = (
				D0F8EDA71904946D007F617B /* CoreGraphics.framework in Frameworks */,
				D0F8EDA91904946D007F617B /* UIKit.framework in Frameworks */,
				D0F8EDA51904946C007F617B /* Foundation.framework in Frameworks */,
				86EA9AB932EC4688B3E598D9 /* libPods-SocialFare.a in Frameworks */,
			);
			runOnlyForDeploymentPostprocessing = 0;
		};
		D0F8EDC21904946D007F617B /* Frameworks */ = {
			isa = PBXFrameworksBuildPhase;
			buildActionMask = 2147483647;
			files = (
				D0F8EDC71904946D007F617B /* XCTest.framework in Frameworks */,
				D0F8EDC91904946D007F617B /* UIKit.framework in Frameworks */,
				D0F8EDC81904946D007F617B /* Foundation.framework in Frameworks */,
			);
			runOnlyForDeploymentPostprocessing = 0;
		};
/* End PBXFrameworksBuildPhase section */

/* Begin PBXGroup section */
		D043E99219054E9A00D022D2 /* Menu */ = {
			isa = PBXGroup;
			children = (
				D043E99319054EB500D022D2 /* SFMenuVC.h */,
				D043E99419054EB500D022D2 /* SFMenuVC.m */,
			);
			name = Menu;
			sourceTree = "<group>";
		};
		D043E9961905DC2600D022D2 /* Friends */ = {
			isa = PBXGroup;
			children = (
				D043E99A1905DC7600D022D2 /* cells */,
				D043E99E1905DCFD00D022D2 /* SFFriendsVC.h */,
				D043E99F1905DCFD00D022D2 /* SFFriendsVC.m */,
			);
			name = Friends;
			sourceTree = "<group>";
		};
		D043E99A1905DC7600D022D2 /* cells */ = {
			isa = PBXGroup;
			children = (
				D043E99B1905DC8700D022D2 /* SFFriendsCell.h */,
				D043E99C1905DC8700D022D2 /* SFFriendsCell.m */,
			);
			name = cells;
			sourceTree = "<group>";
		};
		D08A9876190897FC00710936 /* Checkins */ = {
			isa = PBXGroup;
			children = (
				D08A98771908980E00710936 /* SFCheckinsVC.h */,
				D08A98781908980E00710936 /* SFCheckinsVC.m */,
			);
			name = Checkins;
			sourceTree = "<group>";
		};
		D0AC6CC01907E159000E7503 /* DataModel */ = {
			isa = PBXGroup;
			children = (
				D0AC6CC41907EC4B000E7503 /* Models */,
				D08A984F19088F7300710936 /* SocialFare.xcdatamodeld */,
			);
			name = DataModel;
			sourceTree = "<group>";
		};
		D0AC6CC41907EC4B000E7503 /* Models */ = {
			isa = PBXGroup;
			children = (
				D08A98B01909334400710936 /* _Checkin.h */,
				D08A98B11909334400710936 /* _Checkin.m */,
				D08A98B21909334400710936 /* _Friend.h */,
				D08A98B31909334400710936 /* _Friend.m */,
				D08A98B41909334400710936 /* _User.h */,
				D08A98B51909334400710936 /* _User.m */,
				D08A98B61909334400710936 /* Checkin.h */,
				D08A98B71909334400710936 /* Checkin.m */,
				D08A98B81909334400710936 /* Friend.h */,
				D08A98B91909334400710936 /* Friend.m */,
				D08A98BA1909334400710936 /* User.h */,
				D08A98BB1909334400710936 /* User.m */,
			);
			name = Models;
			sourceTree = "<group>";
		};
		D0F8ED981904946C007F617B = {
			isa = PBXGroup;
			children = (
				D0F8EDAA1904946D007F617B /* SocialFare */,
				D0F8EDCC1904946D007F617B /* SocialFareTests */,
				D0F8EDA31904946C007F617B /* Frameworks */,
				D0F8EDA21904946C007F617B /* Products */,
				3764B7F54FDD47788B6BBC15 /* Pods-SocialFare.xcconfig */,
			);
			sourceTree = "<group>";
		};
		D0F8EDA21904946C007F617B /* Products */ = {
			isa = PBXGroup;
			children = (
				D0F8EDA11904946C007F617B /* SocialFare.app */,
				D0F8EDC51904946D007F617B /* SocialFareTests.xctest */,
			);
			name = Products;
			sourceTree = "<group>";
		};
		D0F8EDA31904946C007F617B /* Frameworks */ = {
			isa = PBXGroup;
			children = (
				D0F8EDA41904946C007F617B /* Foundation.framework */,
				D0F8EDA61904946D007F617B /* CoreGraphics.framework */,
				D0F8EDA81904946D007F617B /* UIKit.framework */,
				D0F8EDC61904946D007F617B /* XCTest.framework */,
				6B384F3B8E424F36BA04B8F3 /* libPods-SocialFare.a */,
			);
			name = Frameworks;
			sourceTree = "<group>";
		};
		D0F8EDAA1904946D007F617B /* SocialFare */ = {
			isa = PBXGroup;
			children = (
				D08A9876190897FC00710936 /* Checkins */,
				D0AC6CC01907E159000E7503 /* DataModel */,
				D043E9961905DC2600D022D2 /* Friends */,
				D043E99219054E9A00D022D2 /* Menu */,
				D0F8EDDD19049D14007F617B /* Globals */,
				D0F8EDDC19049B1F007F617B /* Landing */,
				D0F8EDB31904946D007F617B /* SFAppDelegate.h */,
				D0F8EDB41904946D007F617B /* SFAppDelegate.m */,
				D0F8EDB61904946D007F617B /* Main_iPhone.storyboard */,
				D0F8EDB91904946D007F617B /* Main_iPad.storyboard */,
				D0F8EDBF1904946D007F617B /* Images.xcassets */,
				D0F8EDAB1904946D007F617B /* Supporting Files */,
			);
			path = SocialFare;
			sourceTree = "<group>";
		};
		D0F8EDAB1904946D007F617B /* Supporting Files */ = {
			isa = PBXGroup;
			children = (
				D0F8EDAC1904946D007F617B /* SocialFare-Info.plist */,
				D0F8EDAD1904946D007F617B /* InfoPlist.strings */,
				D0F8EDB01904946D007F617B /* main.m */,
				D0F8EDB21904946D007F617B /* SocialFare-Prefix.pch */,
			);
			name = "Supporting Files";
			sourceTree = "<group>";
		};
		D0F8EDCC1904946D007F617B /* SocialFareTests */ = {
			isa = PBXGroup;
			children = (
				D0F8EDD21904946D007F617B /* SocialFareTests.m */,
				D0F8EDCD1904946D007F617B /* Supporting Files */,
			);
			path = SocialFareTests;
			sourceTree = "<group>";
		};
		D0F8EDCD1904946D007F617B /* Supporting Files */ = {
			isa = PBXGroup;
			children = (
				D0F8EDCE1904946D007F617B /* SocialFareTests-Info.plist */,
				D0F8EDCF1904946D007F617B /* InfoPlist.strings */,
			);
			name = "Supporting Files";
			sourceTree = "<group>";
		};
		D0F8EDDC19049B1F007F617B /* Landing */ = {
			isa = PBXGroup;
			children = (
				D0F8EDBC1904946D007F617B /* SFLandingVC.h */,
				D0F8EDBD1904946D007F617B /* SFLandingVC.m */,
			);
			name = Landing;
			sourceTree = "<group>";
		};
		D0F8EDDD19049D14007F617B /* Globals */ = {
			isa = PBXGroup;
			children = (
				D043E9A11905E14C00D022D2 /* AFNetworkingIncludes.h */,
				D0F8EDE219049DA4007F617B /* SFConstants.h */,
				D0F8EDE619049E7D007F617B /* SFFunctions.h */,
				D0F8EDE719049E7D007F617B /* SFFunctions.m */,
				D0AC6CD71907EDB9000E7503 /* SFCoreDataFunctions.h */,
				D0AC6CD81907EDB9000E7503 /* SFCoreDataFunctions.m */,
			);
			name = Globals;
			sourceTree = "<group>";
		};
/* End PBXGroup section */

/* Begin PBXNativeTarget section */
		D0F8EDA01904946C007F617B /* SocialFare */ = {
			isa = PBXNativeTarget;
			buildConfigurationList = D0F8EDD61904946D007F617B /* Build configuration list for PBXNativeTarget "SocialFare" */;
			buildPhases = (
				B97287C9BCFE4ED3B1D0DEE7 /* Check Pods Manifest.lock */,
				D0F8ED9D1904946C007F617B /* Sources */,
				D0F8ED9E1904946C007F617B /* Frameworks */,
				D0F8ED9F1904946C007F617B /* Resources */,
				5391D280A1F6466D9D7D36DF /* Copy Pods Resources */,
			);
			buildRules = (
			);
			dependencies = (
			);
			name = SocialFare;
			productName = SocialFare;
			productReference = D0F8EDA11904946C007F617B /* SocialFare.app */;
			productType = "com.apple.product-type.application";
		};
		D0F8EDC41904946D007F617B /* SocialFareTests */ = {
			isa = PBXNativeTarget;
			buildConfigurationList = D0F8EDD91904946D007F617B /* Build configuration list for PBXNativeTarget "SocialFareTests" */;
			buildPhases = (
				D0F8EDC11904946D007F617B /* Sources */,
				D0F8EDC21904946D007F617B /* Frameworks */,
				D0F8EDC31904946D007F617B /* Resources */,
			);
			buildRules = (
			);
			dependencies = (
				D0F8EDCB1904946D007F617B /* PBXTargetDependency */,
			);
			name = SocialFareTests;
			productName = SocialFareTests;
			productReference = D0F8EDC51904946D007F617B /* SocialFareTests.xctest */;
			productType = "com.apple.product-type.bundle.unit-test";
		};
/* End PBXNativeTarget section */

/* Begin PBXProject section */
		D0F8ED991904946C007F617B /* Project object */ = {
			isa = PBXProject;
			attributes = {
				CLASSPREFIX = SF;
				LastUpgradeCheck = 0510;
				ORGANIZATIONNAME = SocialFare;
				TargetAttributes = {
					D0F8EDA01904946C007F617B = {
						DevelopmentTeam = 6R4CT2K9P3;
					};
					D0F8EDC41904946D007F617B = {
						TestTargetID = D0F8EDA01904946C007F617B;
					};
				};
			};
			buildConfigurationList = D0F8ED9C1904946C007F617B /* Build configuration list for PBXProject "SocialFare" */;
			compatibilityVersion = "Xcode 3.2";
			developmentRegion = English;
			hasScannedForEncodings = 0;
			knownRegions = (
				en,
				Base,
			);
			mainGroup = D0F8ED981904946C007F617B;
			productRefGroup = D0F8EDA21904946C007F617B /* Products */;
			projectDirPath = "";
			projectRoot = "";
			targets = (
				D0F8EDA01904946C007F617B /* SocialFare */,
				D0F8EDC41904946D007F617B /* SocialFareTests */,
			);
		};
/* End PBXProject section */

/* Begin PBXResourcesBuildPhase section */
		D0F8ED9F1904946C007F617B /* Resources */ = {
			isa = PBXResourcesBuildPhase;
			buildActionMask = 2147483647;
			files = (
				D0F8EDBB1904946D007F617B /* Main_iPad.storyboard in Resources */,
				D0F8EDC01904946D007F617B /* Images.xcassets in Resources */,
				D0F8EDB81904946D007F617B /* Main_iPhone.storyboard in Resources */,
				D0F8EDAF1904946D007F617B /* InfoPlist.strings in Resources */,
			);
			runOnlyForDeploymentPostprocessing = 0;
		};
		D0F8EDC31904946D007F617B /* Resources */ = {
			isa = PBXResourcesBuildPhase;
			buildActionMask = 2147483647;
			files = (
				D0F8EDD11904946D007F617B /* InfoPlist.strings in Resources */,
			);
			runOnlyForDeploymentPostprocessing = 0;
		};
/* End PBXResourcesBuildPhase section */

/* Begin PBXShellScriptBuildPhase section */
		5391D280A1F6466D9D7D36DF /* Copy Pods Resources */ = {
			isa = PBXShellScriptBuildPhase;
			buildActionMask = 2147483647;
			files = (
			);
			inputPaths = (
			);
			name = "Copy Pods Resources";
			outputPaths = (
			);
			runOnlyForDeploymentPostprocessing = 0;
			shellPath = /bin/sh;
			shellScript = "\"${SRCROOT}/Pods/Pods-SocialFare-resources.sh\"\n";
			showEnvVarsInLog = 0;
		};
		B97287C9BCFE4ED3B1D0DEE7 /* Check Pods Manifest.lock */ = {
			isa = PBXShellScriptBuildPhase;
			buildActionMask = 2147483647;
			files = (
			);
			inputPaths = (
			);
			name = "Check Pods Manifest.lock";
			outputPaths = (
			);
			runOnlyForDeploymentPostprocessing = 0;
			shellPath = /bin/sh;
			shellScript = "diff \"${PODS_ROOT}/../Podfile.lock\" \"${PODS_ROOT}/Manifest.lock\" > /dev/null\nif [[ $? != 0 ]] ; then\n    cat << EOM\nerror: The sandbox is not in sync with the Podfile.lock. Run 'pod install' or update your CocoaPods installation.\nEOM\n    exit 1\nfi\n";
			showEnvVarsInLog = 0;
		};
/* End PBXShellScriptBuildPhase section */

/* Begin PBXSourcesBuildPhase section */
		D0F8ED9D1904946C007F617B /* Sources */ = {
			isa = PBXSourcesBuildPhase;
			buildActionMask = 2147483647;
			files = (
				D08A98C11909334400710936 /* User.m in Sources */,
				D0F8EDB11904946D007F617B /* main.m in Sources */,
				D08A98791908980E00710936 /* SFCheckinsVC.m in Sources */,
				D0F8EDBE1904946D007F617B /* SFLandingVC.m in Sources */,
				D043E99519054EB500D022D2 /* SFMenuVC.m in Sources */,
				D08A98BC1909334400710936 /* _Checkin.m in Sources */,
				D043E9A01905DCFD00D022D2 /* SFFriendsVC.m in Sources */,
				D08A98C01909334400710936 /* Friend.m in Sources */,
				D0AC6CD91907EDB9000E7503 /* SFCoreDataFunctions.m in Sources */,
				D08A98BD1909334400710936 /* _Friend.m in Sources */,
				D043E99D1905DC8700D022D2 /* SFFriendsCell.m in Sources */,
				D08A985119088F7300710936 /* SocialFare.xcdatamodeld in Sources */,
				D0F8EDE819049E7D007F617B /* SFFunctions.m in Sources */,
				D08A98BE1909334400710936 /* _User.m in Sources */,
				D0F8EDB51904946D007F617B /* SFAppDelegate.m in Sources */,
				D08A98BF1909334400710936 /* Checkin.m in Sources */,
			);
			runOnlyForDeploymentPostprocessing = 0;
		};
		D0F8EDC11904946D007F617B /* Sources */ = {
			isa = PBXSourcesBuildPhase;
			buildActionMask = 2147483647;
			files = (
				D0F8EDD31904946D007F617B /* SocialFareTests.m in Sources */,
			);
			runOnlyForDeploymentPostprocessing = 0;
		};
/* End PBXSourcesBuildPhase section */

/* Begin PBXTargetDependency section */
		D0F8EDCB1904946D007F617B /* PBXTargetDependency */ = {
			isa = PBXTargetDependency;
			target = D0F8EDA01904946C007F617B /* SocialFare */;
			targetProxy = D0F8EDCA1904946D007F617B /* PBXContainerItemProxy */;
		};
/* End PBXTargetDependency section */

/* Begin PBXVariantGroup section */
		D0F8EDAD1904946D007F617B /* InfoPlist.strings */ = {
			isa = PBXVariantGroup;
			children = (
				D0F8EDAE1904946D007F617B /* en */,
			);
			name = InfoPlist.strings;
			sourceTree = "<group>";
		};
		D0F8EDB61904946D007F617B /* Main_iPhone.storyboard */ = {
			isa = PBXVariantGroup;
			children = (
				D0F8EDB71904946D007F617B /* Base */,
			);
			name = Main_iPhone.storyboard;
			sourceTree = "<group>";
		};
		D0F8EDB91904946D007F617B /* Main_iPad.storyboard */ = {
			isa = PBXVariantGroup;
			children = (
				D0F8EDBA1904946D007F617B /* Base */,
			);
			name = Main_iPad.storyboard;
			sourceTree = "<group>";
		};
		D0F8EDCF1904946D007F617B /* InfoPlist.strings */ = {
			isa = PBXVariantGroup;
			children = (
				D0F8EDD01904946D007F617B /* en */,
			);
			name = InfoPlist.strings;
			sourceTree = "<group>";
		};
/* End PBXVariantGroup section */

/* Begin XCBuildConfiguration section */
		D0F8EDD41904946D007F617B /* Debug */ = {
			isa = XCBuildConfiguration;
			buildSettings = {
				ALWAYS_SEARCH_USER_PATHS = NO;
				CLANG_CXX_LANGUAGE_STANDARD = "gnu++0x";
				CLANG_CXX_LIBRARY = "libc++";
				CLANG_ENABLE_MODULES = YES;
				CLANG_ENABLE_OBJC_ARC = YES;
				CLANG_WARN_BOOL_CONVERSION = YES;
				CLANG_WARN_CONSTANT_CONVERSION = YES;
				CLANG_WARN_DIRECT_OBJC_ISA_USAGE = YES_ERROR;
				CLANG_WARN_EMPTY_BODY = YES;
				CLANG_WARN_ENUM_CONVERSION = YES;
				CLANG_WARN_INT_CONVERSION = YES;
				CLANG_WARN_OBJC_ROOT_CLASS = YES_ERROR;
				CLANG_WARN__DUPLICATE_METHOD_MATCH = YES;
				"CODE_SIGN_IDENTITY[sdk=iphoneos*]" = "iPhone Developer";
				COPY_PHASE_STRIP = NO;
				GCC_C_LANGUAGE_STANDARD = gnu99;
				GCC_DYNAMIC_NO_PIC = NO;
				GCC_OPTIMIZATION_LEVEL = 0;
				GCC_PREPROCESSOR_DEFINITIONS = (
					"DEBUG=1",
					"$(inherited)",
				);
				GCC_SYMBOLS_PRIVATE_EXTERN = NO;
				GCC_WARN_64_TO_32_BIT_CONVERSION = YES;
				GCC_WARN_ABOUT_RETURN_TYPE = YES_ERROR;
				GCC_WARN_UNDECLARED_SELECTOR = YES;
				GCC_WARN_UNINITIALIZED_AUTOS = YES_AGGRESSIVE;
				GCC_WARN_UNUSED_FUNCTION = YES;
				GCC_WARN_UNUSED_VARIABLE = YES;
				IPHONEOS_DEPLOYMENT_TARGET = 7.1;
				ONLY_ACTIVE_ARCH = YES;
				SDKROOT = iphoneos;
				TARGETED_DEVICE_FAMILY = "1,2";
			};
			name = Debug;
		};
		D0F8EDD51904946D007F617B /* Release */ = {
			isa = XCBuildConfiguration;
			buildSettings = {
				ALWAYS_SEARCH_USER_PATHS = NO;
				CLANG_CXX_LANGUAGE_STANDARD = "gnu++0x";
				CLANG_CXX_LIBRARY = "libc++";
				CLANG_ENABLE_MODULES = YES;
				CLANG_ENABLE_OBJC_ARC = YES;
				CLANG_WARN_BOOL_CONVERSION = YES;
				CLANG_WARN_CONSTANT_CONVERSION = YES;
				CLANG_WARN_DIRECT_OBJC_ISA_USAGE = YES_ERROR;
				CLANG_WARN_EMPTY_BODY = YES;
				CLANG_WARN_ENUM_CONVERSION = YES;
				CLANG_WARN_INT_CONVERSION = YES;
				CLANG_WARN_OBJC_ROOT_CLASS = YES_ERROR;
				CLANG_WARN__DUPLICATE_METHOD_MATCH = YES;
				"CODE_SIGN_IDENTITY[sdk=iphoneos*]" = "iPhone Developer";
				COPY_PHASE_STRIP = YES;
				ENABLE_NS_ASSERTIONS = NO;
				GCC_C_LANGUAGE_STANDARD = gnu99;
				GCC_WARN_64_TO_32_BIT_CONVERSION = YES;
				GCC_WARN_ABOUT_RETURN_TYPE = YES_ERROR;
				GCC_WARN_UNDECLARED_SELECTOR = YES;
				GCC_WARN_UNINITIALIZED_AUTOS = YES_AGGRESSIVE;
				GCC_WARN_UNUSED_FUNCTION = YES;
				GCC_WARN_UNUSED_VARIABLE = YES;
				IPHONEOS_DEPLOYMENT_TARGET = 7.1;
				SDKROOT = iphoneos;
				TARGETED_DEVICE_FAMILY = "1,2";
				VALIDATE_PRODUCT = YES;
			};
			name = Release;
		};
		D0F8EDD71904946D007F617B /* Debug */ = {
			isa = XCBuildConfiguration;
			baseConfigurationReference = 3764B7F54FDD47788B6BBC15 /* Pods-SocialFare.xcconfig */;
			buildSettings = {
				ASSETCATALOG_COMPILER_APPICON_NAME = AppIcon;
				ASSETCATALOG_COMPILER_LAUNCHIMAGE_NAME = LaunchImage;
				CODE_SIGN_IDENTITY = "iPhone Developer";
				GCC_PRECOMPILE_PREFIX_HEADER = YES;
				GCC_PREFIX_HEADER = "SocialFare/SocialFare-Prefix.pch";
				INFOPLIST_FILE = "SocialFare/SocialFare-Info.plist";
				IPHONEOS_DEPLOYMENT_TARGET = 7.1;
				PRODUCT_NAME = "$(TARGET_NAME)";
				TARGETED_DEVICE_FAMILY = "1,2";
				WRAPPER_EXTENSION = app;
			};
			name = Debug;
		};
		D0F8EDD81904946D007F617B /* Release */ = {
			isa = XCBuildConfiguration;
			baseConfigurationReference = 3764B7F54FDD47788B6BBC15 /* Pods-SocialFare.xcconfig */;
			buildSettings = {
				ASSETCATALOG_COMPILER_APPICON_NAME = AppIcon;
				ASSETCATALOG_COMPILER_LAUNCHIMAGE_NAME = LaunchImage;
				CODE_SIGN_IDENTITY = "iPhone Developer";
				GCC_PRECOMPILE_PREFIX_HEADER = YES;
				GCC_PREFIX_HEADER = "SocialFare/SocialFare-Prefix.pch";
				INFOPLIST_FILE = "SocialFare/SocialFare-Info.plist";
				IPHONEOS_DEPLOYMENT_TARGET = 7.1;
				PRODUCT_NAME = "$(TARGET_NAME)";
				TARGETED_DEVICE_FAMILY = "1,2";
				WRAPPER_EXTENSION = app;
			};
			name = Release;
		};
		D0F8EDDA1904946D007F617B /* Debug */ = {
			isa = XCBuildConfiguration;
			buildSettings = {
				BUNDLE_LOADER = "$(BUILT_PRODUCTS_DIR)/SocialFare.app/SocialFare";
				FRAMEWORK_SEARCH_PATHS = (
					"$(SDKROOT)/Developer/Library/Frameworks",
					"$(inherited)",
					"$(DEVELOPER_FRAMEWORKS_DIR)",
				);
				GCC_PRECOMPILE_PREFIX_HEADER = YES;
				GCC_PREFIX_HEADER = "SocialFare/SocialFare-Prefix.pch";
				GCC_PREPROCESSOR_DEFINITIONS = (
					"DEBUG=1",
					"$(inherited)",
				);
				INFOPLIST_FILE = "SocialFareTests/SocialFareTests-Info.plist";
				PRODUCT_NAME = "$(TARGET_NAME)";
				TEST_HOST = "$(BUNDLE_LOADER)";
				WRAPPER_EXTENSION = xctest;
			};
			name = Debug;
		};
		D0F8EDDB1904946D007F617B /* Release */ = {
			isa = XCBuildConfiguration;
			buildSettings = {
				BUNDLE_LOADER = "$(BUILT_PRODUCTS_DIR)/SocialFare.app/SocialFare";
				FRAMEWORK_SEARCH_PATHS = (
					"$(SDKROOT)/Developer/Library/Frameworks",
					"$(inherited)",
					"$(DEVELOPER_FRAMEWORKS_DIR)",
				);
				GCC_PRECOMPILE_PREFIX_HEADER = YES;
				GCC_PREFIX_HEADER = "SocialFare/SocialFare-Prefix.pch";
				INFOPLIST_FILE = "SocialFareTests/SocialFareTests-Info.plist";
				PRODUCT_NAME = "$(TARGET_NAME)";
				TEST_HOST = "$(BUNDLE_LOADER)";
				WRAPPER_EXTENSION = xctest;
			};
			name = Release;
		};
/* End XCBuildConfiguration section */

/* Begin XCConfigurationList section */
		D0F8ED9C1904946C007F617B /* Build configuration list for PBXProject "SocialFare" */ = {
			isa = XCConfigurationList;
			buildConfigurations = (
				D0F8EDD41904946D007F617B /* Debug */,
				D0F8EDD51904946D007F617B /* Release */,
			);
			defaultConfigurationIsVisible = 0;
			defaultConfigurationName = Release;
		};
		D0F8EDD61904946D007F617B /* Build configuration list for PBXNativeTarget "SocialFare" */ = {
			isa = XCConfigurationList;
			buildConfigurations = (
				D0F8EDD71904946D007F617B /* Debug */,
				D0F8EDD81904946D007F617B /* Release */,
			);
			defaultConfigurationIsVisible = 0;
			defaultConfigurationName = Release;
		};
		D0F8EDD91904946D007F617B /* Build configuration list for PBXNativeTarget "SocialFareTests" */ = {
			isa = XCConfigurationList;
			buildConfigurations = (
				D0F8EDDA1904946D007F617B /* Debug */,
				D0F8EDDB1904946D007F617B /* Release */,
			);
			defaultConfigurationIsVisible = 0;
			defaultConfigurationName = Release;
		};
/* End XCConfigurationList section */

/* Begin XCVersionGroup section */
		D08A984F19088F7300710936 /* SocialFare.xcdatamodeld */ = {
			isa = XCVersionGroup;
			children = (
				D08A985019088F7300710936 /* SocialFare.xcdatamodel */,
			);
			currentVersion = D08A985019088F7300710936 /* SocialFare.xcdatamodel */;
			name = SocialFare.xcdatamodeld;
			path = DataModel/SocialFare.xcdatamodeld;
			sourceTree = "<group>";
			versionGroupType = wrapper.xcdatamodel;
		};
/* End XCVersionGroup section */
	};
	rootObject = D0F8ED991904946C007F617B /* Project object */;
}
